
Microsoft Visual Studio Solution File, Format Version 12.00
# Visual Studio Version 17
VisualStudioVersion = 17.8.34330.188
MinimumVisualStudioVersion = 10.0.40219.1
Project("{FAE04EC0-301F-11D3-BF4B-00C04F79EFBC}") = "GameOfChance", "GameOfChance\GameOfChance.csproj", "{3ABADE46-1042-457B-84B4-B75E45AB294E}"
EndProject
Global
	GlobalSection(SolutionConfigurationPlatforms) = preSolution
		Debug|Any CPU = Debug|Any CPU
		Release|Any CPU = Release|Any CPU
	EndGlobalSection
	GlobalSection(ProjectConfigurationPlatforms) = postSolution
		{3ABADE46-1042-457B-84B4-B75E45AB294E}.Debug|Any CPU.ActiveCfg = Debug|Any CPU
		{3ABADE46-1042-457B-84B4-B75E45AB294E}.Debug|Any CPU.Build.0 = Debug|Any CPU
		{3ABADE46-1042-457B-84B4-B75E45AB294E}.Release|Any CPU.ActiveCfg = Release|Any CPU
		{3ABADE46-1042-457B-84B4-B75E45AB294E}.Release|Any CPU.Build.0 = Release|Any CPU
	EndGlobalSection
	GlobalSection(SolutionProperties) = preSolution
		HideSolutionNode = FALSE
	EndGlobalSection
	GlobalSection(ExtensibilityGlobals) = postSolution
		SolutionGuid = {74859CE0-CB6A-481A-A491-538DE39EA192}
	EndGlobalSection
EndGlobal
